{
  "name": "brewaround",
  "lockfileVersion": 3,
  "requires": true,
  "packages": {
    "": {
      "dependencies": {
        "open-props": "^1.5.8"
      }
    },
    "node_modules/open-props": {
      "version": "1.5.8",
      "resolved": "https://registry.npmjs.org/open-props/-/open-props-1.5.8.tgz",
      "integrity": "sha512-pE9oKg+4rDrKNJpHNSP1ensgMz41YW5pPCHExd4P12595gdObMmiO1OhTvXG0t7inRS54GhyZr5jm+28XzapEg=="
    }
  }
}
